
Microsoft Visual Studio Solution File, Format Version 12.00
# Visual Studio Version 17
VisualStudioVersion = 17.11.35303.130
MinimumVisualStudioVersion = 10.0.40219.1
Project("{2150E333-8FDC-42A3-9474-1A3956D46DE8}") = "Task0", "Task0", "{FEC72CF9-17D3-4BF3-B452-8E5C602C379A}"
EndProject
Project("{9A19103F-16F7-4668-BE54-9A1E7A4F7556}") = "Tyuiu.KomarovaMV.Sprint1.Task0.V18", "Tyuiu.KomarovaMV.Sprint1.Task0.V18\Tyuiu.KomarovaMV.Sprint1.Task0.V18.csproj", "{D03A9334-BDA2-43F7-A122-CDACE306B790}"
EndProject
Project("{9A19103F-16F7-4668-BE54-9A1E7A4F7556}") = "Tyuiu.KomarovaMV.Sprint1.Task0.V18.Lib", "Tyuiu.KomarovaMV.Sprint1.Task0.V18.Lib\Tyuiu.KomarovaMV.Sprint1.Task0.V18.Lib.csproj", "{E863CACC-056A-4404-A18B-C014C003A11A}"
EndProject
Project("{9A19103F-16F7-4668-BE54-9A1E7A4F7556}") = "Tyuiu.KomarovaMV.Sprint1.Task0.V18.Test", "Tyuiu.KomarovaMV.Sprint1.Task0.V18.Test\Tyuiu.KomarovaMV.Sprint1.Task0.V18.Test.csproj", "{85214409-DF1C-4D0F-8B66-42FC2174D74D}"
EndProject
Project("{2150E333-8FDC-42A3-9474-1A3956D46DE8}") = "Task1", "Task1", "{411B6600-B675-413C-8880-690377594448}"
EndProject
Project("{9A19103F-16F7-4668-BE54-9A1E7A4F7556}") = "Tyuiu.KomarovaMV.Sprint1.Task1.V30", "Tyuiu.KomarovaMV.Sprint1.Task1.V30\Tyuiu.KomarovaMV.Sprint1.Task1.V30.csproj", "{24E100F6-68FD-428A-AD04-1A2DF6426ACB}"
EndProject
Project("{9A19103F-16F7-4668-BE54-9A1E7A4F7556}") = "Tyuiu.KomarovaMV.Sprint1.Task1.V30.Lib", "Tyuiu.KomarovaMV.Sprint1.Task1.V30.Lib\Tyuiu.KomarovaMV.Sprint1.Task1.V30.Lib.csproj", "{7BC0908F-15A8-4470-BE29-A915FE98E43A}"
EndProject
Project("{9A19103F-16F7-4668-BE54-9A1E7A4F7556}") = "Tyuiu.KomarovaMV.Sprint1.Task1.V30.Test", "Tyuiu.KomarovaMV.Sprint1.Task1.V30.Test\Tyuiu.KomarovaMV.Sprint1.Task1.V30.Test.csproj", "{E924A6F5-2727-4032-A7B7-C28A11A6BFD2}"
EndProject
Project("{2150E333-8FDC-42A3-9474-1A3956D46DE8}") = "Task2", "Task2", "{44FF094A-ADD1-47CE-937B-20AB3966CFFE}"
EndProject
Project("{9A19103F-16F7-4668-BE54-9A1E7A4F7556}") = "Tyuiu.KomarovaMV.Sprint1.Task2.V13", "Tyuiu.KomarovaMV.Sprint1.Task2.V13\Tyuiu.KomarovaMV.Sprint1.Task2.V13.csproj", "{A9D0C0DA-E40A-4D59-896C-4CFBFC0C4DBE}"
EndProject
Project("{9A19103F-16F7-4668-BE54-9A1E7A4F7556}") = "Tyuiu.KomarovaMV.Sprint1.Task2.V13.Lib", "Tyuiu.KomarovaMV.Sprint1.Task2.V13.Lib\Tyuiu.KomarovaMV.Sprint1.Task2.V13.Lib.csproj", "{2C4D85C5-6A58-402C-B7A5-D689FF462751}"
EndProject
Project("{9A19103F-16F7-4668-BE54-9A1E7A4F7556}") = "Tyuiu.KomarovaMV.Sprint1.Task2.V13.Test", "Tyuiu.KomarovaMV.Sprint1.Task2.V13.Test\Tyuiu.KomarovaMV.Sprint1.Task2.V13.Test.csproj", "{BD956251-8BC9-4C29-99A5-8EC7316BF05E}"
EndProject
Project("{2150E333-8FDC-42A3-9474-1A3956D46DE8}") = "Task3", "Task3", "{D9EDE638-BD73-4097-9405-62208D1D131A}"
EndProject
Project("{9A19103F-16F7-4668-BE54-9A1E7A4F7556}") = "Tyuiu.KomarovaMV.Sprint1.Task3.V11", "Tyuiu.KomarovaMV.Sprint1.Task3.V11\Tyuiu.KomarovaMV.Sprint1.Task3.V11.csproj", "{E67D2FAE-D879-4961-930F-4D3EA80B6F03}"
EndProject
Project("{9A19103F-16F7-4668-BE54-9A1E7A4F7556}") = "Tyuiu.KomarovaMV.Sprint1.Task3.V11.Lib", "Tyuiu.KomarovaMV.Sprint1.Task3.V11.Lib\Tyuiu.KomarovaMV.Sprint1.Task3.V11.Lib.csproj", "{1529A058-FBA2-4869-80A5-77FFD44F287D}"
EndProject
Project("{9A19103F-16F7-4668-BE54-9A1E7A4F7556}") = "Tyuiu.KomarovaMV.Sprint1.Task3.V11.Test", "Tyuiu.KomarovaMV.Sprint1.Task3.V11.Test\Tyuiu.KomarovaMV.Sprint1.Task3.V11.Test.csproj", "{F8A03AC3-14EE-42F7-8BC6-00DFCC8DFE33}"
EndProject
Project("{2150E333-8FDC-42A3-9474-1A3956D46DE8}") = "Task4", "Task4", "{ECB8D352-5452-4037-AEA6-FBD3B36E5495}"
EndProject
Project("{9A19103F-16F7-4668-BE54-9A1E7A4F7556}") = "Tyuiu.KomarovaMV.Sprint1.Task4.V28", "Tyuiu.KomarovaMV.Sprint1.Task4.V28\Tyuiu.KomarovaMV.Sprint1.Task4.V28.csproj", "{89184B78-A58D-4B76-BD1F-36D0F99A395F}"
EndProject
Project("{9A19103F-16F7-4668-BE54-9A1E7A4F7556}") = "Tyuiu.KomarovaMV.Sprint1.Task4.V28.Lib", "Tyuiu.KomarovaMV.Sprint1.Task4.V28.Lib\Tyuiu.KomarovaMV.Sprint1.Task4.V28.Lib.csproj", "{9F3C8512-5C97-473A-8255-944BD9F99075}"
EndProject
Project("{9A19103F-16F7-4668-BE54-9A1E7A4F7556}") = "Tyuiu.KomarovaMV.Sprint1.Task4.V28.Test", "Tyuiu.KomarovaMV.Sprint1.Task4.V28.Test\Tyuiu.KomarovaMV.Sprint1.Task4.V28.Test.csproj", "{C7F32E7E-4406-42F7-9CC7-C831BA61BA0C}"
EndProject
Project("{2150E333-8FDC-42A3-9474-1A3956D46DE8}") = "Task5", "Task5", "{CBD9C739-16EF-491D-8804-46CFF86FF967}"
EndProject
Project("{9A19103F-16F7-4668-BE54-9A1E7A4F7556}") = "Tyuiu.KomarovaMV.Sprint1.Task5.V7", "Tyuiu.KomarovaMV.Sprint1.Task5.V7\Tyuiu.KomarovaMV.Sprint1.Task5.V7.csproj", "{AEF639DB-327C-4605-A881-D2B3D5AC4001}"
EndProject
Project("{9A19103F-16F7-4668-BE54-9A1E7A4F7556}") = "Tyuiu.KomarovaMV.Sprint1.Task5.V7.Lib", "Tyuiu.KomarovaMV.Sprint1.Task5.V7.Lib\Tyuiu.KomarovaMV.Sprint1.Task5.V7.Lib.csproj", "{43BD0353-A3C6-4B8D-AEF2-D702622A16AD}"
EndProject
Project("{9A19103F-16F7-4668-BE54-9A1E7A4F7556}") = "Tyuiu.KomarovaMV.Sprint1.Task5.V7.Test", "Tyuiu.KomarovaMV.Sprint1.Task5.V7.Test\Tyuiu.KomarovaMV.Sprint1.Task5.V7.Test.csproj", "{57D99BEB-FD23-4269-970D-0546D96FF3A7}"
EndProject
Project("{2150E333-8FDC-42A3-9474-1A3956D46DE8}") = "Task6", "Task6", "{5D00C623-498B-432E-9D1A-39D52ADD99C3}"
EndProject
Project("{9A19103F-16F7-4668-BE54-9A1E7A4F7556}") = "Tyuiu.KomarovaMV.Sprint1.Task6.V13", "Tyuiu.KomarovaMV.Sprint1.Task6.V13\Tyuiu.KomarovaMV.Sprint1.Task6.V13.csproj", "{366E37A5-45F2-498A-8361-8ABCA92BA5F4}"
EndProject
Project("{9A19103F-16F7-4668-BE54-9A1E7A4F7556}") = "Tyuiu.KomarovaMV.Sprint1.Task6.V13.Lib", "Tyuiu.KomarovaMV.Sprint1.Task6.V13.Lib\Tyuiu.KomarovaMV.Sprint1.Task6.V13.Lib.csproj", "{BBAA0C29-5987-4A74-AAFB-A55376F8FDC5}"
EndProject
Project("{9A19103F-16F7-4668-BE54-9A1E7A4F7556}") = "Tyuiu.KomarovaMV.Sprint1.Task6.V13.Test", "Tyuiu.KomarovaMV.Sprint1.Task6.V13.Test\Tyuiu.KomarovaMV.Sprint1.Task6.V13.Test.csproj", "{3BFD6015-4FD2-48AC-94DB-67CEFB02A49F}"
EndProject
Project("{2150E333-8FDC-42A3-9474-1A3956D46DE8}") = "Task7", "Task7", "{4A9122A5-6991-4F40-B861-0396FB243DFE}"
EndProject
Project("{FAE04EC0-301F-11D3-BF4B-00C04F79EFBC}") = "Tyuiu.KomarovaMV.Sprint1.Task7.V17", "Tyuiu.KomarovaMV.Sprint1.Task7.V17\Tyuiu.KomarovaMV.Sprint1.Task7.V17.csproj", "{3D7D172A-73B9-4785-8E82-C1E979C15287}"
EndProject
Project("{FAE04EC0-301F-11D3-BF4B-00C04F79EFBC}") = "Tyuiu.KomarovaMV.Sprint1.Task7.V17.Lib", "Tyuiu.KomarovaMV.Sprint1.Task7.V17.Lib\Tyuiu.KomarovaMV.Sprint1.Task7.V17.Lib.csproj", "{6FE8E6DD-280D-4523-9807-4C98FCADE18F}"
EndProject
Project("{FAE04EC0-301F-11D3-BF4B-00C04F79EFBC}") = "Tyuiu.KomarovaMV.Sprint1.Task7.V17.Test", "Tyuiu.KomarovaMV.Sprint1.Task7.V17.Test\Tyuiu.KomarovaMV.Sprint1.Task7.V17.Test.csproj", "{C9019B21-9143-4F14-8283-86B6B12BB9CB}"
EndProject
Global
	GlobalSection(SolutionConfigurationPlatforms) = preSolution
		Debug|Any CPU = Debug|Any CPU
		Release|Any CPU = Release|Any CPU
	EndGlobalSection
	GlobalSection(ProjectConfigurationPlatforms) = postSolution
		{D03A9334-BDA2-43F7-A122-CDACE306B790}.Debug|Any CPU.ActiveCfg = Debug|Any CPU
		{D03A9334-BDA2-43F7-A122-CDACE306B790}.Debug|Any CPU.Build.0 = Debug|Any CPU
		{D03A9334-BDA2-43F7-A122-CDACE306B790}.Release|Any CPU.ActiveCfg = Release|Any CPU
		{D03A9334-BDA2-43F7-A122-CDACE306B790}.Release|Any CPU.Build.0 = Release|Any CPU
		{E863CACC-056A-4404-A18B-C014C003A11A}.Debug|Any CPU.ActiveCfg = Debug|Any CPU
		{E863CACC-056A-4404-A18B-C014C003A11A}.Debug|Any CPU.Build.0 = Debug|Any CPU
		{E863CACC-056A-4404-A18B-C014C003A11A}.Release|Any CPU.ActiveCfg = Release|Any CPU
		{E863CACC-056A-4404-A18B-C014C003A11A}.Release|Any CPU.Build.0 = Release|Any CPU
		{85214409-DF1C-4D0F-8B66-42FC2174D74D}.Debug|Any CPU.ActiveCfg = Debug|Any CPU
		{85214409-DF1C-4D0F-8B66-42FC2174D74D}.Debug|Any CPU.Build.0 = Debug|Any CPU
		{85214409-DF1C-4D0F-8B66-42FC2174D74D}.Release|Any CPU.ActiveCfg = Release|Any CPU
		{85214409-DF1C-4D0F-8B66-42FC2174D74D}.Release|Any CPU.Build.0 = Release|Any CPU
		{24E100F6-68FD-428A-AD04-1A2DF6426ACB}.Debug|Any CPU.ActiveCfg = Debug|Any CPU
		{24E100F6-68FD-428A-AD04-1A2DF6426ACB}.Debug|Any CPU.Build.0 = Debug|Any CPU
		{24E100F6-68FD-428A-AD04-1A2DF6426ACB}.Release|Any CPU.ActiveCfg = Release|Any CPU
		{24E100F6-68FD-428A-AD04-1A2DF6426ACB}.Release|Any CPU.Build.0 = Release|Any CPU
		{7BC0908F-15A8-4470-BE29-A915FE98E43A}.Debug|Any CPU.ActiveCfg = Debug|Any CPU
		{7BC0908F-15A8-4470-BE29-A915FE98E43A}.Debug|Any CPU.Build.0 = Debug|Any CPU
		{7BC0908F-15A8-4470-BE29-A915FE98E43A}.Release|Any CPU.ActiveCfg = Release|Any CPU
		{7BC0908F-15A8-4470-BE29-A915FE98E43A}.Release|Any CPU.Build.0 = Release|Any CPU
		{E924A6F5-2727-4032-A7B7-C28A11A6BFD2}.Debug|Any CPU.ActiveCfg = Debug|Any CPU
		{E924A6F5-2727-4032-A7B7-C28A11A6BFD2}.Debug|Any CPU.Build.0 = Debug|Any CPU
		{E924A6F5-2727-4032-A7B7-C28A11A6BFD2}.Release|Any CPU.ActiveCfg = Release|Any CPU
		{E924A6F5-2727-4032-A7B7-C28A11A6BFD2}.Release|Any CPU.Build.0 = Release|Any CPU
		{A9D0C0DA-E40A-4D59-896C-4CFBFC0C4DBE}.Debug|Any CPU.ActiveCfg = Debug|Any CPU
		{A9D0C0DA-E40A-4D59-896C-4CFBFC0C4DBE}.Debug|Any CPU.Build.0 = Debug|Any CPU
		{A9D0C0DA-E40A-4D59-896C-4CFBFC0C4DBE}.Release|Any CPU.ActiveCfg = Release|Any CPU
		{A9D0C0DA-E40A-4D59-896C-4CFBFC0C4DBE}.Release|Any CPU.Build.0 = Release|Any CPU
		{2C4D85C5-6A58-402C-B7A5-D689FF462751}.Debug|Any CPU.ActiveCfg = Debug|Any CPU
		{2C4D85C5-6A58-402C-B7A5-D689FF462751}.Debug|Any CPU.Build.0 = Debug|Any CPU
		{2C4D85C5-6A58-402C-B7A5-D689FF462751}.Release|Any CPU.ActiveCfg = Release|Any CPU
		{2C4D85C5-6A58-402C-B7A5-D689FF462751}.Release|Any CPU.Build.0 = Release|Any CPU
		{BD956251-8BC9-4C29-99A5-8EC7316BF05E}.Debug|Any CPU.ActiveCfg = Debug|Any CPU
		{BD956251-8BC9-4C29-99A5-8EC7316BF05E}.Debug|Any CPU.Build.0 = Debug|Any CPU
		{BD956251-8BC9-4C29-99A5-8EC7316BF05E}.Release|Any CPU.ActiveCfg = Release|Any CPU
		{BD956251-8BC9-4C29-99A5-8EC7316BF05E}.Release|Any CPU.Build.0 = Release|Any CPU
		{E67D2FAE-D879-4961-930F-4D3EA80B6F03}.Debug|Any CPU.ActiveCfg = Debug|Any CPU
		{E67D2FAE-D879-4961-930F-4D3EA80B6F03}.Debug|Any CPU.Build.0 = Debug|Any CPU
		{E67D2FAE-D879-4961-930F-4D3EA80B6F03}.Release|Any CPU.ActiveCfg = Release|Any CPU
		{E67D2FAE-D879-4961-930F-4D3EA80B6F03}.Release|Any CPU.Build.0 = Release|Any CPU
		{1529A058-FBA2-4869-80A5-77FFD44F287D}.Debug|Any CPU.ActiveCfg = Debug|Any CPU
		{1529A058-FBA2-4869-80A5-77FFD44F287D}.Debug|Any CPU.Build.0 = Debug|Any CPU
		{1529A058-FBA2-4869-80A5-77FFD44F287D}.Release|Any CPU.ActiveCfg = Release|Any CPU
		{1529A058-FBA2-4869-80A5-77FFD44F287D}.Release|Any CPU.Build.0 = Release|Any CPU
		{F8A03AC3-14EE-42F7-8BC6-00DFCC8DFE33}.Debug|Any CPU.ActiveCfg = Debug|Any CPU
		{F8A03AC3-14EE-42F7-8BC6-00DFCC8DFE33}.Debug|Any CPU.Build.0 = Debug|Any CPU
		{F8A03AC3-14EE-42F7-8BC6-00DFCC8DFE33}.Release|Any CPU.ActiveCfg = Release|Any CPU
		{F8A03AC3-14EE-42F7-8BC6-00DFCC8DFE33}.Release|Any CPU.Build.0 = Release|Any CPU
		{89184B78-A58D-4B76-BD1F-36D0F99A395F}.Debug|Any CPU.ActiveCfg = Debug|Any CPU
		{89184B78-A58D-4B76-BD1F-36D0F99A395F}.Debug|Any CPU.Build.0 = Debug|Any CPU
		{89184B78-A58D-4B76-BD1F-36D0F99A395F}.Release|Any CPU.ActiveCfg = Release|Any CPU
		{89184B78-A58D-4B76-BD1F-36D0F99A395F}.Release|Any CPU.Build.0 = Release|Any CPU
		{9F3C8512-5C97-473A-8255-944BD9F99075}.Debug|Any CPU.ActiveCfg = Debug|Any CPU
		{9F3C8512-5C97-473A-8255-944BD9F99075}.Debug|Any CPU.Build.0 = Debug|Any CPU
		{9F3C8512-5C97-473A-8255-944BD9F99075}.Release|Any CPU.ActiveCfg = Release|Any CPU
		{9F3C8512-5C97-473A-8255-944BD9F99075}.Release|Any CPU.Build.0 = Release|Any CPU
		{C7F32E7E-4406-42F7-9CC7-C831BA61BA0C}.Debug|Any CPU.ActiveCfg = Debug|Any CPU
		{C7F32E7E-4406-42F7-9CC7-C831BA61BA0C}.Debug|Any CPU.Build.0 = Debug|Any CPU
		{C7F32E7E-4406-42F7-9CC7-C831BA61BA0C}.Release|Any CPU.ActiveCfg = Release|Any CPU
		{C7F32E7E-4406-42F7-9CC7-C831BA61BA0C}.Release|Any CPU.Build.0 = Release|Any CPU
		{AEF639DB-327C-4605-A881-D2B3D5AC4001}.Debug|Any CPU.ActiveCfg = Debug|Any CPU
		{AEF639DB-327C-4605-A881-D2B3D5AC4001}.Debug|Any CPU.Build.0 = Debug|Any CPU
		{AEF639DB-327C-4605-A881-D2B3D5AC4001}.Release|Any CPU.ActiveCfg = Release|Any CPU
		{AEF639DB-327C-4605-A881-D2B3D5AC4001}.Release|Any CPU.Build.0 = Release|Any CPU
		{43BD0353-A3C6-4B8D-AEF2-D702622A16AD}.Debug|Any CPU.ActiveCfg = Debug|Any CPU
		{43BD0353-A3C6-4B8D-AEF2-D702622A16AD}.Debug|Any CPU.Build.0 = Debug|Any CPU
		{43BD0353-A3C6-4B8D-AEF2-D702622A16AD}.Release|Any CPU.ActiveCfg = Release|Any CPU
		{43BD0353-A3C6-4B8D-AEF2-D702622A16AD}.Release|Any CPU.Build.0 = Release|Any CPU
		{57D99BEB-FD23-4269-970D-0546D96FF3A7}.Debug|Any CPU.ActiveCfg = Debug|Any CPU
		{57D99BEB-FD23-4269-970D-0546D96FF3A7}.Debug|Any CPU.Build.0 = Debug|Any CPU
		{57D99BEB-FD23-4269-970D-0546D96FF3A7}.Release|Any CPU.ActiveCfg = Release|Any CPU
		{57D99BEB-FD23-4269-970D-0546D96FF3A7}.Release|Any CPU.Build.0 = Release|Any CPU
		{366E37A5-45F2-498A-8361-8ABCA92BA5F4}.Debug|Any CPU.ActiveCfg = Debug|Any CPU
		{366E37A5-45F2-498A-8361-8ABCA92BA5F4}.Debug|Any CPU.Build.0 = Debug|Any CPU
		{366E37A5-45F2-498A-8361-8ABCA92BA5F4}.Release|Any CPU.ActiveCfg = Release|Any CPU
		{366E37A5-45F2-498A-8361-8ABCA92BA5F4}.Release|Any CPU.Build.0 = Release|Any CPU
		{BBAA0C29-5987-4A74-AAFB-A55376F8FDC5}.Debug|Any CPU.ActiveCfg = Debug|Any CPU
		{BBAA0C29-5987-4A74-AAFB-A55376F8FDC5}.Debug|Any CPU.Build.0 = Debug|Any CPU
		{BBAA0C29-5987-4A74-AAFB-A55376F8FDC5}.Release|Any CPU.ActiveCfg = Release|Any CPU
		{BBAA0C29-5987-4A74-AAFB-A55376F8FDC5}.Release|Any CPU.Build.0 = Release|Any CPU
		{3BFD6015-4FD2-48AC-94DB-67CEFB02A49F}.Debug|Any CPU.ActiveCfg = Debug|Any CPU
		{3BFD6015-4FD2-48AC-94DB-67CEFB02A49F}.Debug|Any CPU.Build.0 = Debug|Any CPU
		{3BFD6015-4FD2-48AC-94DB-67CEFB02A49F}.Release|Any CPU.ActiveCfg = Release|Any CPU
		{3BFD6015-4FD2-48AC-94DB-67CEFB02A49F}.Release|Any CPU.Build.0 = Release|Any CPU
		{3D7D172A-73B9-4785-8E82-C1E979C15287}.Debug|Any CPU.ActiveCfg = Debug|Any CPU
		{3D7D172A-73B9-4785-8E82-C1E979C15287}.Debug|Any CPU.Build.0 = Debug|Any CPU
		{3D7D172A-73B9-4785-8E82-C1E979C15287}.Release|Any CPU.ActiveCfg = Release|Any CPU
		{3D7D172A-73B9-4785-8E82-C1E979C15287}.Release|Any CPU.Build.0 = Release|Any CPU
		{6FE8E6DD-280D-4523-9807-4C98FCADE18F}.Debug|Any CPU.ActiveCfg = Debug|Any CPU
		{6FE8E6DD-280D-4523-9807-4C98FCADE18F}.Debug|Any CPU.Build.0 = Debug|Any CPU
		{6FE8E6DD-280D-4523-9807-4C98FCADE18F}.Release|Any CPU.ActiveCfg = Release|Any CPU
		{6FE8E6DD-280D-4523-9807-4C98FCADE18F}.Release|Any CPU.Build.0 = Release|Any CPU
		{C9019B21-9143-4F14-8283-86B6B12BB9CB}.Debug|Any CPU.ActiveCfg = Debug|Any CPU
		{C9019B21-9143-4F14-8283-86B6B12BB9CB}.Debug|Any CPU.Build.0 = Debug|Any CPU
		{C9019B21-9143-4F14-8283-86B6B12BB9CB}.Release|Any CPU.ActiveCfg = Release|Any CPU
		{C9019B21-9143-4F14-8283-86B6B12BB9CB}.Release|Any CPU.Build.0 = Release|Any CPU
	EndGlobalSection
	GlobalSection(SolutionProperties) = preSolution
		HideSolutionNode = FALSE
	EndGlobalSection
	GlobalSection(NestedProjects) = preSolution
		{D03A9334-BDA2-43F7-A122-CDACE306B790} = {FEC72CF9-17D3-4BF3-B452-8E5C602C379A}
		{E863CACC-056A-4404-A18B-C014C003A11A} = {FEC72CF9-17D3-4BF3-B452-8E5C602C379A}
		{85214409-DF1C-4D0F-8B66-42FC2174D74D} = {FEC72CF9-17D3-4BF3-B452-8E5C602C379A}
		{24E100F6-68FD-428A-AD04-1A2DF6426ACB} = {411B6600-B675-413C-8880-690377594448}
		{7BC0908F-15A8-4470-BE29-A915FE98E43A} = {411B6600-B675-413C-8880-690377594448}
		{E924A6F5-2727-4032-A7B7-C28A11A6BFD2} = {411B6600-B675-413C-8880-690377594448}
		{A9D0C0DA-E40A-4D59-896C-4CFBFC0C4DBE} = {44FF094A-ADD1-47CE-937B-20AB3966CFFE}
		{2C4D85C5-6A58-402C-B7A5-D689FF462751} = {44FF094A-ADD1-47CE-937B-20AB3966CFFE}
		{BD956251-8BC9-4C29-99A5-8EC7316BF05E} = {44FF094A-ADD1-47CE-937B-20AB3966CFFE}
		{E67D2FAE-D879-4961-930F-4D3EA80B6F03} = {D9EDE638-BD73-4097-9405-62208D1D131A}
		{1529A058-FBA2-4869-80A5-77FFD44F287D} = {D9EDE638-BD73-4097-9405-62208D1D131A}
		{F8A03AC3-14EE-42F7-8BC6-00DFCC8DFE33} = {D9EDE638-BD73-4097-9405-62208D1D131A}
		{89184B78-A58D-4B76-BD1F-36D0F99A395F} = {ECB8D352-5452-4037-AEA6-FBD3B36E5495}
		{9F3C8512-5C97-473A-8255-944BD9F99075} = {ECB8D352-5452-4037-AEA6-FBD3B36E5495}
		{C7F32E7E-4406-42F7-9CC7-C831BA61BA0C} = {ECB8D352-5452-4037-AEA6-FBD3B36E5495}
		{AEF639DB-327C-4605-A881-D2B3D5AC4001} = {CBD9C739-16EF-491D-8804-46CFF86FF967}
		{43BD0353-A3C6-4B8D-AEF2-D702622A16AD} = {CBD9C739-16EF-491D-8804-46CFF86FF967}
		{57D99BEB-FD23-4269-970D-0546D96FF3A7} = {CBD9C739-16EF-491D-8804-46CFF86FF967}
		{366E37A5-45F2-498A-8361-8ABCA92BA5F4} = {5D00C623-498B-432E-9D1A-39D52ADD99C3}
		{BBAA0C29-5987-4A74-AAFB-A55376F8FDC5} = {5D00C623-498B-432E-9D1A-39D52ADD99C3}
		{3BFD6015-4FD2-48AC-94DB-67CEFB02A49F} = {5D00C623-498B-432E-9D1A-39D52ADD99C3}
		{3D7D172A-73B9-4785-8E82-C1E979C15287} = {4A9122A5-6991-4F40-B861-0396FB243DFE}
		{6FE8E6DD-280D-4523-9807-4C98FCADE18F} = {4A9122A5-6991-4F40-B861-0396FB243DFE}
		{C9019B21-9143-4F14-8283-86B6B12BB9CB} = {4A9122A5-6991-4F40-B861-0396FB243DFE}
	EndGlobalSection
	GlobalSection(ExtensibilityGlobals) = postSolution
		SolutionGuid = {AF16C32E-EEAA-4591-ADBF-983DA831F0F5}
	EndGlobalSection
EndGlobal
